
Microsoft Visual Studio Solution File, Format Version 12.00
# Visual Studio 15
VisualStudioVersion = 15.0.28010.2003
MinimumVisualStudioVersion = 10.0.40219.1
Project("{FAE04EC0-301F-11D3-BF4B-00C04F79EFBC}") = "GOTAS DE LLUVIA", "GOTAS DE LLUVIA\GOTAS DE LLUVIA.csproj", "{D0B66526-E504-4795-AA7D-CA9020FA2156}"
EndProject
Global
	GlobalSection(SolutionConfigurationPlatforms) = preSolution
		Debug|Any CPU = Debug|Any CPU
		Release|Any CPU = Release|Any CPU
	EndGlobalSection
	GlobalSection(ProjectConfigurationPlatforms) = postSolution
		{D0B66526-E504-4795-AA7D-CA9020FA2156}.Debug|Any CPU.ActiveCfg = Debug|Any CPU
		{D0B66526-E504-4795-AA7D-CA9020FA2156}.Debug|Any CPU.Build.0 = Debug|Any CPU
		{D0B66526-E504-4795-AA7D-CA9020FA2156}.Release|Any CPU.ActiveCfg = Release|Any CPU
		{D0B66526-E504-4795-AA7D-CA9020FA2156}.Release|Any CPU.Build.0 = Release|Any CPU
	EndGlobalSection
	GlobalSection(SolutionProperties) = preSolution
		HideSolutionNode = FALSE
	EndGlobalSection
	GlobalSection(ExtensibilityGlobals) = postSolution
		SolutionGuid = {5DBCAA9F-1249-40A9-B3CA-075CFADA7221}
	EndGlobalSection
EndGlobal
